
Microsoft Visual Studio Solution File, Format Version 12.00
# Visual Studio 15
VisualStudioVersion = 15.0.27703.2000
MinimumVisualStudioVersion = 10.0.40219.1
Project("{9A19103F-16F7-4668-BE54-9A1E7A4F7556}") = "NorthwindApp.UI", "NorthwindApp.UI\NorthwindApp.UI.csproj", "{CA6895D5-6DFA-4EE4-9D60-46D27E772C9B}"
EndProject
Project("{9A19103F-16F7-4668-BE54-9A1E7A4F7556}") = "NorthwindApp.Models", "NorthwindApp.Models\NorthwindApp.Models.csproj", "{2CAF3ABB-423E-4298-8D7A-DBDBD3330199}"
EndProject
Project("{9A19103F-16F7-4668-BE54-9A1E7A4F7556}") = "NorthwindApp.Services", "NorthwindApp.Services\NorthwindApp.Services.csproj", "{885EE659-9B43-4AA6-BB87-4FA2C2B5C88F}"
EndProject
Project("{9A19103F-16F7-4668-BE54-9A1E7A4F7556}") = "NorthwindApp.DAL", "NorthwindApp.DAL\NorthwindApp.DAL.csproj", "{17B28BE1-BB89-42C4-BCDF-EF46DB6B7C65}"
EndProject
Project("{9A19103F-16F7-4668-BE54-9A1E7A4F7556}") = "NorthwindApp.DAL.Interfaces", "NorthwindApp.DAL.Interfaces\NorthwindApp.DAL.Interfaces.csproj", "{5E0BCE91-6758-435C-A384-D65000556D90}"
EndProject
Project("{9A19103F-16F7-4668-BE54-9A1E7A4F7556}") = "NorthwindApp.Services.Interfaces", "NorthwindApp.Services.Interfaces\NorthwindApp.Services.Interfaces.csproj", "{354E733D-5AC1-4F31-B4C5-502450ABF1A2}"
EndProject
Project("{9A19103F-16F7-4668-BE54-9A1E7A4F7556}") = "NorthwindApp.Core", "NorthwindApp.Core\NorthwindApp.Core.csproj", "{CCFB6406-5A4D-4385-B2C1-314F0C5249A7}"
EndProject
Project("{2150E333-8FDC-42A3-9474-1A3956D46DE8}") = "Tests", "Tests", "{3EDCEC11-7F44-46C2-B7DF-77CD83D7BA0D}"
EndProject
Project("{9A19103F-16F7-4668-BE54-9A1E7A4F7556}") = "NorthwindApp.UI.Tests", "Tests\NorthwindApp.UI.Tests\NorthwindApp.UI.Tests.csproj", "{C5E6BA39-E13C-4C72-B187-DA3C36905243}"
EndProject
Project("{9A19103F-16F7-4668-BE54-9A1E7A4F7556}") = "NorthwindApp.Api", "NorthwindApp.Api\NorthwindApp.Api.csproj", "{476C604A-4932-4DE1-B5AC-92F139492476}"
EndProject
Project("{9A19103F-16F7-4668-BE54-9A1E7A4F7556}") = "NorthwindApp.Api.SDK", "NorthwindApp.Api.SDK\NorthwindApp.Api.SDK.csproj", "{204FB153-8EBC-49A8-8D2E-2D0A679C91C4}"
EndProject
Project("{FAE04EC0-301F-11D3-BF4B-00C04F79EFBC}") = "NorthwindApp.Api.SDK.Tests", "NorthwindApp.Api.SDK.Tests\NorthwindApp.Api.SDK.Tests.csproj", "{7B452EE8-7992-4620-8578-885123A822BF}"
EndProject
Global
	GlobalSection(SolutionConfigurationPlatforms) = preSolution
		Debug|Any CPU = Debug|Any CPU
		Release|Any CPU = Release|Any CPU
	EndGlobalSection
	GlobalSection(ProjectConfigurationPlatforms) = postSolution
		{CA6895D5-6DFA-4EE4-9D60-46D27E772C9B}.Debug|Any CPU.ActiveCfg = Debug|Any CPU
		{CA6895D5-6DFA-4EE4-9D60-46D27E772C9B}.Debug|Any CPU.Build.0 = Debug|Any CPU
		{CA6895D5-6DFA-4EE4-9D60-46D27E772C9B}.Release|Any CPU.ActiveCfg = Release|Any CPU
		{CA6895D5-6DFA-4EE4-9D60-46D27E772C9B}.Release|Any CPU.Build.0 = Release|Any CPU
		{2CAF3ABB-423E-4298-8D7A-DBDBD3330199}.Debug|Any CPU.ActiveCfg = Debug|Any CPU
		{2CAF3ABB-423E-4298-8D7A-DBDBD3330199}.Debug|Any CPU.Build.0 = Debug|Any CPU
		{2CAF3ABB-423E-4298-8D7A-DBDBD3330199}.Release|Any CPU.ActiveCfg = Release|Any CPU
		{2CAF3ABB-423E-4298-8D7A-DBDBD3330199}.Release|Any CPU.Build.0 = Release|Any CPU
		{885EE659-9B43-4AA6-BB87-4FA2C2B5C88F}.Debug|Any CPU.ActiveCfg = Debug|Any CPU
		{885EE659-9B43-4AA6-BB87-4FA2C2B5C88F}.Debug|Any CPU.Build.0 = Debug|Any CPU
		{885EE659-9B43-4AA6-BB87-4FA2C2B5C88F}.Release|Any CPU.ActiveCfg = Release|Any CPU
		{885EE659-9B43-4AA6-BB87-4FA2C2B5C88F}.Release|Any CPU.Build.0 = Release|Any CPU
		{17B28BE1-BB89-42C4-BCDF-EF46DB6B7C65}.Debug|Any CPU.ActiveCfg = Debug|Any CPU
		{17B28BE1-BB89-42C4-BCDF-EF46DB6B7C65}.Debug|Any CPU.Build.0 = Debug|Any CPU
		{17B28BE1-BB89-42C4-BCDF-EF46DB6B7C65}.Release|Any CPU.ActiveCfg = Release|Any CPU
		{17B28BE1-BB89-42C4-BCDF-EF46DB6B7C65}.Release|Any CPU.Build.0 = Release|Any CPU
		{5E0BCE91-6758-435C-A384-D65000556D90}.Debug|Any CPU.ActiveCfg = Debug|Any CPU
		{5E0BCE91-6758-435C-A384-D65000556D90}.Debug|Any CPU.Build.0 = Debug|Any CPU
		{5E0BCE91-6758-435C-A384-D65000556D90}.Release|Any CPU.ActiveCfg = Release|Any CPU
		{5E0BCE91-6758-435C-A384-D65000556D90}.Release|Any CPU.Build.0 = Release|Any CPU
		{354E733D-5AC1-4F31-B4C5-502450ABF1A2}.Debug|Any CPU.ActiveCfg = Debug|Any CPU
		{354E733D-5AC1-4F31-B4C5-502450ABF1A2}.Debug|Any CPU.Build.0 = Debug|Any CPU
		{354E733D-5AC1-4F31-B4C5-502450ABF1A2}.Release|Any CPU.ActiveCfg = Release|Any CPU
		{354E733D-5AC1-4F31-B4C5-502450ABF1A2}.Release|Any CPU.Build.0 = Release|Any CPU
		{CCFB6406-5A4D-4385-B2C1-314F0C5249A7}.Debug|Any CPU.ActiveCfg = Debug|Any CPU
		{CCFB6406-5A4D-4385-B2C1-314F0C5249A7}.Debug|Any CPU.Build.0 = Debug|Any CPU
		{CCFB6406-5A4D-4385-B2C1-314F0C5249A7}.Release|Any CPU.ActiveCfg = Release|Any CPU
		{CCFB6406-5A4D-4385-B2C1-314F0C5249A7}.Release|Any CPU.Build.0 = Release|Any CPU
		{C5E6BA39-E13C-4C72-B187-DA3C36905243}.Debug|Any CPU.ActiveCfg = Debug|Any CPU
		{C5E6BA39-E13C-4C72-B187-DA3C36905243}.Debug|Any CPU.Build.0 = Debug|Any CPU
		{C5E6BA39-E13C-4C72-B187-DA3C36905243}.Release|Any CPU.ActiveCfg = Release|Any CPU
		{C5E6BA39-E13C-4C72-B187-DA3C36905243}.Release|Any CPU.Build.0 = Release|Any CPU
		{476C604A-4932-4DE1-B5AC-92F139492476}.Debug|Any CPU.ActiveCfg = Debug|Any CPU
		{476C604A-4932-4DE1-B5AC-92F139492476}.Debug|Any CPU.Build.0 = Debug|Any CPU
		{476C604A-4932-4DE1-B5AC-92F139492476}.Release|Any CPU.ActiveCfg = Release|Any CPU
		{476C604A-4932-4DE1-B5AC-92F139492476}.Release|Any CPU.Build.0 = Release|Any CPU
		{204FB153-8EBC-49A8-8D2E-2D0A679C91C4}.Debug|Any CPU.ActiveCfg = Debug|Any CPU
		{204FB153-8EBC-49A8-8D2E-2D0A679C91C4}.Debug|Any CPU.Build.0 = Debug|Any CPU
		{204FB153-8EBC-49A8-8D2E-2D0A679C91C4}.Release|Any CPU.ActiveCfg = Release|Any CPU
		{204FB153-8EBC-49A8-8D2E-2D0A679C91C4}.Release|Any CPU.Build.0 = Release|Any CPU
		{7B452EE8-7992-4620-8578-885123A822BF}.Debug|Any CPU.ActiveCfg = Debug|Any CPU
		{7B452EE8-7992-4620-8578-885123A822BF}.Debug|Any CPU.Build.0 = Debug|Any CPU
		{7B452EE8-7992-4620-8578-885123A822BF}.Release|Any CPU.ActiveCfg = Release|Any CPU
		{7B452EE8-7992-4620-8578-885123A822BF}.Release|Any CPU.Build.0 = Release|Any CPU
	EndGlobalSection
	GlobalSection(SolutionProperties) = preSolution
		HideSolutionNode = FALSE
	EndGlobalSection
	GlobalSection(NestedProjects) = preSolution
		{C5E6BA39-E13C-4C72-B187-DA3C36905243} = {3EDCEC11-7F44-46C2-B7DF-77CD83D7BA0D}
		{7B452EE8-7992-4620-8578-885123A822BF} = {3EDCEC11-7F44-46C2-B7DF-77CD83D7BA0D}
	EndGlobalSection
	GlobalSection(ExtensibilityGlobals) = postSolution
		SolutionGuid = {5D1ABC38-4FDC-4614-AC55-0A7A8F6945B5}
	EndGlobalSection
EndGlobal
